
Microsoft Visual Studio Solution File, Format Version 12.00
# Visual Studio Version 16
VisualStudioVersion = 16.0.29001.49
MinimumVisualStudioVersion = 15.0.26124.0
Project("{9A19103F-16F7-4668-BE54-9A1E7A4F7556}") = "CloudNative.CloudEvents", "src\CloudNative.CloudEvents\CloudNative.CloudEvents.csproj", "{C5DC9F44-7C03-4A70-80EF-7A29696455EB}"
EndProject
Project("{9A19103F-16F7-4668-BE54-9A1E7A4F7556}") = "CloudNative.CloudEvents.UnitTests", "test\CloudNative.CloudEvents.UnitTests\CloudNative.CloudEvents.UnitTests.csproj", "{95215090-BDE3-4628-9261-64B91FBE4665}"
EndProject
Project("{2150E333-8FDC-42A3-9474-1A3956D46DE8}") = "Solution Items", "Solution Items", "{3C6E118F-05CA-41BA-B21E-4E17863F5826}"
	ProjectSection(SolutionItems) = preProject
		.gitignore = .gitignore
		appveyor.yml = appveyor.yml
		LICENSE = LICENSE
		README.md = README.md
	EndProjectSection
EndProject
Project("{9A19103F-16F7-4668-BE54-9A1E7A4F7556}") = "HttpSend", "samples\HttpSend\HttpSend.csproj", "{F1B9B769-DB6B-481F-905C-24FE3B12E00E}"
EndProject
Project("{9A19103F-16F7-4668-BE54-9A1E7A4F7556}") = "CloudNative.CloudEvents.Mqtt", "src\CloudNative.CloudEvents.Mqtt\CloudNative.CloudEvents.Mqtt.csproj", "{FBF5EF1F-FBF7-4D3C-B309-3344C74714AF}"
EndProject
Project("{9A19103F-16F7-4668-BE54-9A1E7A4F7556}") = "CloudNative.CloudEvents.Amqp", "src\CloudNative.CloudEvents.Amqp\CloudNative.CloudEvents.Amqp.csproj", "{39EF4DB0-9890-4CAD-A36E-F7E25D2E72EF}"
EndProject
Project("{9A19103F-16F7-4668-BE54-9A1E7A4F7556}") = "CloudNative.CloudEvents.Kafka", "src\CloudNative.CloudEvents.Kafka\CloudNative.CloudEvents.Kafka.csproj", "{193D6D9D-C1A0-459E-86CF-F207CDF0FC73}"
EndProject
Project("{9A19103F-16F7-4668-BE54-9A1E7A4F7556}") = "CloudNative.CloudEvents.AspNetCore", "src\CloudNative.CloudEvents.AspNetCore\CloudNative.CloudEvents.AspNetCore.csproj", "{C726DD78-2D56-48D3-928A-D10226E3750B}"
EndProject
Project("{9A19103F-16F7-4668-BE54-9A1E7A4F7556}") = "CloudNative.CloudEvents.AspNetCoreSample", "samples\CloudNative.CloudEvents.AspNetCoreSample\CloudNative.CloudEvents.AspNetCoreSample.csproj", "{9760D744-D1BF-40E3-BD6F-7F639BFB9188}"
EndProject
Project("{9A19103F-16F7-4668-BE54-9A1E7A4F7556}") = "CloudNative.CloudEvents.IntegrationTests", "test\CloudNative.CloudEvents.IntegrationTests\CloudNative.CloudEvents.IntegrationTests.csproj", "{9639E4FD-0438-4901-B57F-EFF773B19D5A}"
EndProject
Global
	GlobalSection(SolutionConfigurationPlatforms) = preSolution
		Debug|Any CPU = Debug|Any CPU
		Debug|x64 = Debug|x64
		Debug|x86 = Debug|x86
		Release|Any CPU = Release|Any CPU
		Release|x64 = Release|x64
		Release|x86 = Release|x86
	EndGlobalSection
	GlobalSection(ProjectConfigurationPlatforms) = postSolution
		{C5DC9F44-7C03-4A70-80EF-7A29696455EB}.Debug|Any CPU.ActiveCfg = Debug|Any CPU
		{C5DC9F44-7C03-4A70-80EF-7A29696455EB}.Debug|Any CPU.Build.0 = Debug|Any CPU
		{C5DC9F44-7C03-4A70-80EF-7A29696455EB}.Debug|x64.ActiveCfg = Debug|Any CPU
		{C5DC9F44-7C03-4A70-80EF-7A29696455EB}.Debug|x64.Build.0 = Debug|Any CPU
		{C5DC9F44-7C03-4A70-80EF-7A29696455EB}.Debug|x86.ActiveCfg = Debug|Any CPU
		{C5DC9F44-7C03-4A70-80EF-7A29696455EB}.Debug|x86.Build.0 = Debug|Any CPU
		{C5DC9F44-7C03-4A70-80EF-7A29696455EB}.Release|Any CPU.ActiveCfg = Release|Any CPU
		{C5DC9F44-7C03-4A70-80EF-7A29696455EB}.Release|Any CPU.Build.0 = Release|Any CPU
		{C5DC9F44-7C03-4A70-80EF-7A29696455EB}.Release|x64.ActiveCfg = Release|Any CPU
		{C5DC9F44-7C03-4A70-80EF-7A29696455EB}.Release|x64.Build.0 = Release|Any CPU
		{C5DC9F44-7C03-4A70-80EF-7A29696455EB}.Release|x86.ActiveCfg = Release|Any CPU
		{C5DC9F44-7C03-4A70-80EF-7A29696455EB}.Release|x86.Build.0 = Release|Any CPU
		{95215090-BDE3-4628-9261-64B91FBE4665}.Debug|Any CPU.ActiveCfg = Debug|Any CPU
		{95215090-BDE3-4628-9261-64B91FBE4665}.Debug|Any CPU.Build.0 = Debug|Any CPU
		{95215090-BDE3-4628-9261-64B91FBE4665}.Debug|x64.ActiveCfg = Debug|Any CPU
		{95215090-BDE3-4628-9261-64B91FBE4665}.Debug|x64.Build.0 = Debug|Any CPU
		{95215090-BDE3-4628-9261-64B91FBE4665}.Debug|x86.ActiveCfg = Debug|Any CPU
		{95215090-BDE3-4628-9261-64B91FBE4665}.Debug|x86.Build.0 = Debug|Any CPU
		{95215090-BDE3-4628-9261-64B91FBE4665}.Release|Any CPU.ActiveCfg = Release|Any CPU
		{95215090-BDE3-4628-9261-64B91FBE4665}.Release|Any CPU.Build.0 = Release|Any CPU
		{95215090-BDE3-4628-9261-64B91FBE4665}.Release|x64.ActiveCfg = Release|Any CPU
		{95215090-BDE3-4628-9261-64B91FBE4665}.Release|x64.Build.0 = Release|Any CPU
		{95215090-BDE3-4628-9261-64B91FBE4665}.Release|x86.ActiveCfg = Release|Any CPU
		{95215090-BDE3-4628-9261-64B91FBE4665}.Release|x86.Build.0 = Release|Any CPU
		{F1B9B769-DB6B-481F-905C-24FE3B12E00E}.Debug|Any CPU.ActiveCfg = Debug|Any CPU
		{F1B9B769-DB6B-481F-905C-24FE3B12E00E}.Debug|Any CPU.Build.0 = Debug|Any CPU
		{F1B9B769-DB6B-481F-905C-24FE3B12E00E}.Debug|x64.ActiveCfg = Debug|Any CPU
		{F1B9B769-DB6B-481F-905C-24FE3B12E00E}.Debug|x64.Build.0 = Debug|Any CPU
		{F1B9B769-DB6B-481F-905C-24FE3B12E00E}.Debug|x86.ActiveCfg = Debug|Any CPU
		{F1B9B769-DB6B-481F-905C-24FE3B12E00E}.Debug|x86.Build.0 = Debug|Any CPU
		{F1B9B769-DB6B-481F-905C-24FE3B12E00E}.Release|Any CPU.ActiveCfg = Release|Any CPU
		{F1B9B769-DB6B-481F-905C-24FE3B12E00E}.Release|Any CPU.Build.0 = Release|Any CPU
		{F1B9B769-DB6B-481F-905C-24FE3B12E00E}.Release|x64.ActiveCfg = Release|Any CPU
		{F1B9B769-DB6B-481F-905C-24FE3B12E00E}.Release|x64.Build.0 = Release|Any CPU
		{F1B9B769-DB6B-481F-905C-24FE3B12E00E}.Release|x86.ActiveCfg = Release|Any CPU
		{F1B9B769-DB6B-481F-905C-24FE3B12E00E}.Release|x86.Build.0 = Release|Any CPU
		{FBF5EF1F-FBF7-4D3C-B309-3344C74714AF}.Debug|Any CPU.ActiveCfg = Debug|Any CPU
		{FBF5EF1F-FBF7-4D3C-B309-3344C74714AF}.Debug|Any CPU.Build.0 = Debug|Any CPU
		{FBF5EF1F-FBF7-4D3C-B309-3344C74714AF}.Debug|x64.ActiveCfg = Debug|Any CPU
		{FBF5EF1F-FBF7-4D3C-B309-3344C74714AF}.Debug|x64.Build.0 = Debug|Any CPU
		{FBF5EF1F-FBF7-4D3C-B309-3344C74714AF}.Debug|x86.ActiveCfg = Debug|Any CPU
		{FBF5EF1F-FBF7-4D3C-B309-3344C74714AF}.Debug|x86.Build.0 = Debug|Any CPU
		{FBF5EF1F-FBF7-4D3C-B309-3344C74714AF}.Release|Any CPU.ActiveCfg = Release|Any CPU
		{FBF5EF1F-FBF7-4D3C-B309-3344C74714AF}.Release|Any CPU.Build.0 = Release|Any CPU
		{FBF5EF1F-FBF7-4D3C-B309-3344C74714AF}.Release|x64.ActiveCfg = Release|Any CPU
		{FBF5EF1F-FBF7-4D3C-B309-3344C74714AF}.Release|x64.Build.0 = Release|Any CPU
		{FBF5EF1F-FBF7-4D3C-B309-3344C74714AF}.Release|x86.ActiveCfg = Release|Any CPU
		{FBF5EF1F-FBF7-4D3C-B309-3344C74714AF}.Release|x86.Build.0 = Release|Any CPU
		{39EF4DB0-9890-4CAD-A36E-F7E25D2E72EF}.Debug|Any CPU.ActiveCfg = Debug|Any CPU
		{39EF4DB0-9890-4CAD-A36E-F7E25D2E72EF}.Debug|Any CPU.Build.0 = Debug|Any CPU
		{39EF4DB0-9890-4CAD-A36E-F7E25D2E72EF}.Debug|x64.ActiveCfg = Debug|Any CPU
		{39EF4DB0-9890-4CAD-A36E-F7E25D2E72EF}.Debug|x64.Build.0 = Debug|Any CPU
		{39EF4DB0-9890-4CAD-A36E-F7E25D2E72EF}.Debug|x86.ActiveCfg = Debug|Any CPU
		{39EF4DB0-9890-4CAD-A36E-F7E25D2E72EF}.Debug|x86.Build.0 = Debug|Any CPU
		{39EF4DB0-9890-4CAD-A36E-F7E25D2E72EF}.Release|Any CPU.ActiveCfg = Release|Any CPU
		{39EF4DB0-9890-4CAD-A36E-F7E25D2E72EF}.Release|Any CPU.Build.0 = Release|Any CPU
		{39EF4DB0-9890-4CAD-A36E-F7E25D2E72EF}.Release|x64.ActiveCfg = Release|Any CPU
		{39EF4DB0-9890-4CAD-A36E-F7E25D2E72EF}.Release|x64.Build.0 = Release|Any CPU
		{39EF4DB0-9890-4CAD-A36E-F7E25D2E72EF}.Release|x86.ActiveCfg = Release|Any CPU
		{39EF4DB0-9890-4CAD-A36E-F7E25D2E72EF}.Release|x86.Build.0 = Release|Any CPU
<<<<<<< HEAD
		{193D6D9D-C1A0-459E-86CF-F207CDF0FC73}.Debug|Any CPU.ActiveCfg = Debug|Any CPU
		{193D6D9D-C1A0-459E-86CF-F207CDF0FC73}.Debug|Any CPU.Build.0 = Debug|Any CPU
		{193D6D9D-C1A0-459E-86CF-F207CDF0FC73}.Debug|x64.ActiveCfg = Debug|Any CPU
		{193D6D9D-C1A0-459E-86CF-F207CDF0FC73}.Debug|x64.Build.0 = Debug|Any CPU
		{193D6D9D-C1A0-459E-86CF-F207CDF0FC73}.Debug|x86.ActiveCfg = Debug|Any CPU
		{193D6D9D-C1A0-459E-86CF-F207CDF0FC73}.Debug|x86.Build.0 = Debug|Any CPU
		{193D6D9D-C1A0-459E-86CF-F207CDF0FC73}.Release|Any CPU.ActiveCfg = Release|Any CPU
		{193D6D9D-C1A0-459E-86CF-F207CDF0FC73}.Release|Any CPU.Build.0 = Release|Any CPU
		{193D6D9D-C1A0-459E-86CF-F207CDF0FC73}.Release|x64.ActiveCfg = Release|Any CPU
		{193D6D9D-C1A0-459E-86CF-F207CDF0FC73}.Release|x64.Build.0 = Release|Any CPU
		{193D6D9D-C1A0-459E-86CF-F207CDF0FC73}.Release|x86.ActiveCfg = Release|Any CPU
		{193D6D9D-C1A0-459E-86CF-F207CDF0FC73}.Release|x86.Build.0 = Release|Any CPU
=======
		{C726DD78-2D56-48D3-928A-D10226E3750B}.Debug|Any CPU.ActiveCfg = Debug|Any CPU
		{C726DD78-2D56-48D3-928A-D10226E3750B}.Debug|Any CPU.Build.0 = Debug|Any CPU
		{C726DD78-2D56-48D3-928A-D10226E3750B}.Debug|x64.ActiveCfg = Debug|Any CPU
		{C726DD78-2D56-48D3-928A-D10226E3750B}.Debug|x64.Build.0 = Debug|Any CPU
		{C726DD78-2D56-48D3-928A-D10226E3750B}.Debug|x86.ActiveCfg = Debug|Any CPU
		{C726DD78-2D56-48D3-928A-D10226E3750B}.Debug|x86.Build.0 = Debug|Any CPU
		{C726DD78-2D56-48D3-928A-D10226E3750B}.Release|Any CPU.ActiveCfg = Release|Any CPU
		{C726DD78-2D56-48D3-928A-D10226E3750B}.Release|Any CPU.Build.0 = Release|Any CPU
		{C726DD78-2D56-48D3-928A-D10226E3750B}.Release|x64.ActiveCfg = Release|Any CPU
		{C726DD78-2D56-48D3-928A-D10226E3750B}.Release|x64.Build.0 = Release|Any CPU
		{C726DD78-2D56-48D3-928A-D10226E3750B}.Release|x86.ActiveCfg = Release|Any CPU
		{C726DD78-2D56-48D3-928A-D10226E3750B}.Release|x86.Build.0 = Release|Any CPU
<<<<<<< HEAD
>>>>>>> dde2c54... add support for parsing ASP.NET Core HTTP requests into CloudEvents
=======
		{9760D744-D1BF-40E3-BD6F-7F639BFB9188}.Debug|Any CPU.ActiveCfg = Debug|Any CPU
		{9760D744-D1BF-40E3-BD6F-7F639BFB9188}.Debug|Any CPU.Build.0 = Debug|Any CPU
		{9760D744-D1BF-40E3-BD6F-7F639BFB9188}.Debug|x64.ActiveCfg = Debug|Any CPU
		{9760D744-D1BF-40E3-BD6F-7F639BFB9188}.Debug|x64.Build.0 = Debug|Any CPU
		{9760D744-D1BF-40E3-BD6F-7F639BFB9188}.Debug|x86.ActiveCfg = Debug|Any CPU
		{9760D744-D1BF-40E3-BD6F-7F639BFB9188}.Debug|x86.Build.0 = Debug|Any CPU
		{9760D744-D1BF-40E3-BD6F-7F639BFB9188}.Release|Any CPU.ActiveCfg = Release|Any CPU
		{9760D744-D1BF-40E3-BD6F-7F639BFB9188}.Release|Any CPU.Build.0 = Release|Any CPU
		{9760D744-D1BF-40E3-BD6F-7F639BFB9188}.Release|x64.ActiveCfg = Release|Any CPU
		{9760D744-D1BF-40E3-BD6F-7F639BFB9188}.Release|x64.Build.0 = Release|Any CPU
		{9760D744-D1BF-40E3-BD6F-7F639BFB9188}.Release|x86.ActiveCfg = Release|Any CPU
		{9760D744-D1BF-40E3-BD6F-7F639BFB9188}.Release|x86.Build.0 = Release|Any CPU
		{9639E4FD-0438-4901-B57F-EFF773B19D5A}.Debug|Any CPU.ActiveCfg = Debug|Any CPU
		{9639E4FD-0438-4901-B57F-EFF773B19D5A}.Debug|Any CPU.Build.0 = Debug|Any CPU
		{9639E4FD-0438-4901-B57F-EFF773B19D5A}.Debug|x64.ActiveCfg = Debug|Any CPU
		{9639E4FD-0438-4901-B57F-EFF773B19D5A}.Debug|x64.Build.0 = Debug|Any CPU
		{9639E4FD-0438-4901-B57F-EFF773B19D5A}.Debug|x86.ActiveCfg = Debug|Any CPU
		{9639E4FD-0438-4901-B57F-EFF773B19D5A}.Debug|x86.Build.0 = Debug|Any CPU
		{9639E4FD-0438-4901-B57F-EFF773B19D5A}.Release|Any CPU.ActiveCfg = Release|Any CPU
		{9639E4FD-0438-4901-B57F-EFF773B19D5A}.Release|Any CPU.Build.0 = Release|Any CPU
		{9639E4FD-0438-4901-B57F-EFF773B19D5A}.Release|x64.ActiveCfg = Release|Any CPU
		{9639E4FD-0438-4901-B57F-EFF773B19D5A}.Release|x64.Build.0 = Release|Any CPU
		{9639E4FD-0438-4901-B57F-EFF773B19D5A}.Release|x86.ActiveCfg = Release|Any CPU
		{9639E4FD-0438-4901-B57F-EFF773B19D5A}.Release|x86.Build.0 = Release|Any CPU
>>>>>>> 66259c5... Added sample along with some integration tests
	EndGlobalSection
	GlobalSection(SolutionProperties) = preSolution
		HideSolutionNode = FALSE
	EndGlobalSection
	GlobalSection(ExtensibilityGlobals) = postSolution
		SolutionGuid = {F77A454C-CC17-4AD6-823A-64E1A94FDA0A}
	EndGlobalSection
EndGlobal
